
Microsoft Visual Studio Solution File, Format Version 12.00
Project("{FAE04EC0-301F-11D3-BF4B-00C04F79EFBC}") = "Rayman2Lib", "Rayman2Lib\Rayman2Lib.csproj", "{71B619E4-40FD-4990-B340-C10521C77148}"
EndProject
Project("{FAE04EC0-301F-11D3-BF4B-00C04F79EFBC}") = "BNMReader", "BNMReader\BNMReader.csproj", "{559D97AF-837F-4238-AB28-B0E1CB93E565}"
EndProject
Global
	GlobalSection(SolutionConfigurationPlatforms) = preSolution
		Debug|Any CPU = Debug|Any CPU
		Release|Any CPU = Release|Any CPU
	EndGlobalSection
	GlobalSection(ProjectConfigurationPlatforms) = postSolution
		{71B619E4-40FD-4990-B340-C10521C77148}.Debug|Any CPU.ActiveCfg = Debug|Any CPU
		{71B619E4-40FD-4990-B340-C10521C77148}.Debug|Any CPU.Build.0 = Debug|Any CPU
		{71B619E4-40FD-4990-B340-C10521C77148}.Release|Any CPU.ActiveCfg = Release|Any CPU
		{71B619E4-40FD-4990-B340-C10521C77148}.Release|Any CPU.Build.0 = Release|Any CPU
		{559D97AF-837F-4238-AB28-B0E1CB93E565}.Debug|Any CPU.ActiveCfg = Debug|Any CPU
		{559D97AF-837F-4238-AB28-B0E1CB93E565}.Debug|Any CPU.Build.0 = Debug|Any CPU
		{559D97AF-837F-4238-AB28-B0E1CB93E565}.Release|Any CPU.ActiveCfg = Release|Any CPU
		{559D97AF-837F-4238-AB28-B0E1CB93E565}.Release|Any CPU.Build.0 = Release|Any CPU
	EndGlobalSection
EndGlobal
